
Microsoft Visual Studio Solution File, Format Version 12.00
# Visual Studio 15
VisualStudioVersion = 15.0.27004.2006
MinimumVisualStudioVersion = 10.0.40219.1
Project("{FAE04EC0-301F-11D3-BF4B-00C04F79EFBC}") = "cibyt_pri", "cibyt_pri\cibyt_pri.csproj", "{97960E1C-C626-4891-9CF6-6C2BAA6CDDF2}"
EndProject
Global
	GlobalSection(SolutionConfigurationPlatforms) = preSolution
		Debug|Any CPU = Debug|Any CPU
		Release|Any CPU = Release|Any CPU
	EndGlobalSection
	GlobalSection(ProjectConfigurationPlatforms) = postSolution
		{97960E1C-C626-4891-9CF6-6C2BAA6CDDF2}.Debug|Any CPU.ActiveCfg = Debug|Any CPU
		{97960E1C-C626-4891-9CF6-6C2BAA6CDDF2}.Debug|Any CPU.Build.0 = Debug|Any CPU
		{97960E1C-C626-4891-9CF6-6C2BAA6CDDF2}.Release|Any CPU.ActiveCfg = Release|Any CPU
		{97960E1C-C626-4891-9CF6-6C2BAA6CDDF2}.Release|Any CPU.Build.0 = Release|Any CPU
	EndGlobalSection
	GlobalSection(SolutionProperties) = preSolution
		HideSolutionNode = FALSE
	EndGlobalSection
	GlobalSection(ExtensibilityGlobals) = postSolution
		SolutionGuid = {0AC96312-5B22-43D9-A3DA-FEF3A01C4B29}
	EndGlobalSection
EndGlobal
